{
  "name": "lib",
  "version": "1.0.0",
  "lockfileVersion": 1,
  "requires": true,
  "dependencies": {
    "@types/p5": {
      "version": "0.9.1",
      "resolved": "https://registry.npmjs.org/@types/p5/-/p5-0.9.1.tgz",
      "integrity": "sha512-4glOKdqdBiRWDFZwi/MjHudPV2U4t2L4fTTSacGapfFxyNXzZcAshAjqmrJkCIZcFlhRBEAL7AM95xRDMfrIwg==",
      "dev": true
    },
    "p5": {
      "version": "1.1.9",
      "resolved": "https://registry.npmjs.org/p5/-/p5-1.1.9.tgz",
      "integrity": "sha512-gU+UBEAXLGt3RQFzTtsKijF+eBidweIqRrg51AniuLG8LKHzylrB5ilIOzyDgcR1/hWt6danWPArjaVtXHWfWg=="
    }
  }
}
