{
  "name": "lib",
  "version": "1.0.0",
  "lockfileVersion": 2,
  "requires": true,
  "packages": {
    "": {
      "version": "1.0.0",
      "license": "ISC",
      "dependencies": {
        "p5": "^1.1.9"
      },
      "devDependencies": {
        "@types/p5": "^0.9.1"
      }
    },
    "node_modules/@types/p5": {
      "version": "0.9.1",
      "resolved": "https://registry.npmjs.org/@types/p5/-/p5-0.9.1.tgz",
      "integrity": "sha512-4glOKdqdBiRWDFZwi/MjHudPV2U4t2L4fTTSacGapfFxyNXzZcAshAjqmrJkCIZcFlhRBEAL7AM95xRDMfrIwg==",
      "dev": true
    },
    "node_modules/p5": {
      "version": "1.1.9",
      "resolved": "https://registry.npmjs.org/p5/-/p5-1.1.9.tgz",
      "integrity": "sha512-gU+UBEAXLGt3RQFzTtsKijF+eBidweIqRrg51AniuLG8LKHzylrB5ilIOzyDgcR1/hWt6danWPArjaVtXHWfWg=="
    }
  },
  "dependencies": {
    "@types/p5": {
      "version": "0.9.1",
      "resolved": "https://registry.npmjs.org/@types/p5/-/p5-0.9.1.tgz",
      "integrity": "sha512-4glOKdqdBiRWDFZwi/MjHudPV2U4t2L4fTTSacGapfFxyNXzZcAshAjqmrJkCIZcFlhRBEAL7AM95xRDMfrIwg==",
      "dev": true
    },
    "p5": {
      "version": "1.1.9",
      "resolved": "https://registry.npmjs.org/p5/-/p5-1.1.9.tgz",
      "integrity": "sha512-gU+UBEAXLGt3RQFzTtsKijF+eBidweIqRrg51AniuLG8LKHzylrB5ilIOzyDgcR1/hWt6danWPArjaVtXHWfWg=="
    }
  }
}
